
Microsoft Visual Studio Solution File, Format Version 12.00
# Visual Studio Version 16
VisualStudioVersion = 16.0.29009.5
MinimumVisualStudioVersion = 10.0.40219.1
Project("{FAE04EC0-301F-11D3-BF4B-00C04F79EFBC}") = "myEchoBot", "myEchoBot\myEchoBot.csproj", "{2C8A6FA2-AEC0-45D6-AA78-099B6AA2EA17}"
EndProject
Global
	GlobalSection(SolutionConfigurationPlatforms) = preSolution
		Debug|Any CPU = Debug|Any CPU
		Release|Any CPU = Release|Any CPU
	EndGlobalSection
	GlobalSection(ProjectConfigurationPlatforms) = postSolution
		{2C8A6FA2-AEC0-45D6-AA78-099B6AA2EA17}.Debug|Any CPU.ActiveCfg = Debug|Any CPU
		{2C8A6FA2-AEC0-45D6-AA78-099B6AA2EA17}.Debug|Any CPU.Build.0 = Debug|Any CPU
		{2C8A6FA2-AEC0-45D6-AA78-099B6AA2EA17}.Release|Any CPU.ActiveCfg = Release|Any CPU
		{2C8A6FA2-AEC0-45D6-AA78-099B6AA2EA17}.Release|Any CPU.Build.0 = Release|Any CPU
	EndGlobalSection
	GlobalSection(SolutionProperties) = preSolution
		HideSolutionNode = FALSE
	EndGlobalSection
	GlobalSection(ExtensibilityGlobals) = postSolution
		SolutionGuid = {3EB9F66E-0771-43DB-8A1B-0FB85784E311}
	EndGlobalSection
EndGlobal
